
Microsoft Visual Studio Solution File, Format Version 12.00
# Visual Studio Version 17
VisualStudioVersion = 17.7.34024.191
MinimumVisualStudioVersion = 10.0.40219.1
Project("{FAE04EC0-301F-11D3-BF4B-00C04F79EFBC}") = "InterfacrDemo", "InterfacrDemo.csproj", "{3172E2CB-3CAC-427D-95C5-E5D0F26E4632}"
EndProject
Global
	GlobalSection(SolutionConfigurationPlatforms) = preSolution
		Debug|Any CPU = Debug|Any CPU
		Release|Any CPU = Release|Any CPU
	EndGlobalSection
	GlobalSection(ProjectConfigurationPlatforms) = postSolution
		{3172E2CB-3CAC-427D-95C5-E5D0F26E4632}.Debug|Any CPU.ActiveCfg = Debug|Any CPU
		{3172E2CB-3CAC-427D-95C5-E5D0F26E4632}.Debug|Any CPU.Build.0 = Debug|Any CPU
		{3172E2CB-3CAC-427D-95C5-E5D0F26E4632}.Release|Any CPU.ActiveCfg = Release|Any CPU
		{3172E2CB-3CAC-427D-95C5-E5D0F26E4632}.Release|Any CPU.Build.0 = Release|Any CPU
	EndGlobalSection
	GlobalSection(SolutionProperties) = preSolution
		HideSolutionNode = FALSE
	EndGlobalSection
	GlobalSection(ExtensibilityGlobals) = postSolution
		SolutionGuid = {5C2B24C7-E4F4-4E5F-AA16-1C69DB6E7BED}
	EndGlobalSection
EndGlobal
