
Microsoft Visual Studio Solution File, Format Version 12.00
# Visual Studio Version 17
VisualStudioVersion = 17.7.34024.191
MinimumVisualStudioVersion = 10.0.40219.1
Project("{FAE04EC0-301F-11D3-BF4B-00C04F79EFBC}") = "InheritanceDemo", "InheritanceDemo.csproj", "{8C14A6DC-CBF0-4C43-A373-E9A0EB016383}"
EndProject
Global
	GlobalSection(SolutionConfigurationPlatforms) = preSolution
		Debug|Any CPU = Debug|Any CPU
		Release|Any CPU = Release|Any CPU
	EndGlobalSection
	GlobalSection(ProjectConfigurationPlatforms) = postSolution
		{8C14A6DC-CBF0-4C43-A373-E9A0EB016383}.Debug|Any CPU.ActiveCfg = Debug|Any CPU
		{8C14A6DC-CBF0-4C43-A373-E9A0EB016383}.Debug|Any CPU.Build.0 = Debug|Any CPU
		{8C14A6DC-CBF0-4C43-A373-E9A0EB016383}.Release|Any CPU.ActiveCfg = Release|Any CPU
		{8C14A6DC-CBF0-4C43-A373-E9A0EB016383}.Release|Any CPU.Build.0 = Release|Any CPU
	EndGlobalSection
	GlobalSection(SolutionProperties) = preSolution
		HideSolutionNode = FALSE
	EndGlobalSection
	GlobalSection(ExtensibilityGlobals) = postSolution
		SolutionGuid = {5C24F8BC-76AE-4058-91CB-DEA09FB93492}
	EndGlobalSection
EndGlobal
